<?xml version="1.0" encoding="utf-8"?>
<Project ToolsVersion="4.0" xmlns="http://schemas.microsoft.com/developer/msbuild/2003">
  <ItemGroup>
    <Filter Include="Source Files">
      <UniqueIdentifier>{4FC737F1-C7A5-4376-A066-2A32D752A2FF}</UniqueIdentifier>
      <Extensions>cpp;c;cxx;def;odl;idl;hpj;bat;asm;asmx</Extensions>
    </Filter>
    <Filter Include="Header Files">
      <UniqueIdentifier>{93995380-89BD-4b04-88EB-625FBE52EBFB}</UniqueIdentifier>
      <Extensions>h;hpp;hxx;hm;inl;inc;xsd</Extensions>
    </Filter>
    <Filter Include="Header Files\Games">
      <UniqueIdentifier>{18c19b26-d264-4d93-98ef-7def3b5e171c}</UniqueIdentifier>
    </Filter>
    <Filter Include="Header Files\Hooks">
      <UniqueIdentifier>{1b83fe9a-ee3d-4780-9d2f-ea409120896d}</UniqueIdentifier>
    </Filter>
    <Filter Include="Header Files\D3D_Test">
      <UniqueIdentifier>{8446bd33-88fe-4986-b015-75ecc7526b3e}</UniqueIdentifier>
    </Filter>
    <Filter Include="Header Files\Snes Games">
      <UniqueIdentifier>{07a8405c-2f69-49fb-95cf-4f0dc066e95b}</UniqueIdentifier>
    </Filter>
    <Filter Include="Scene Files">
      <UniqueIdentifier>{8dfc90c8-bacc-4f45-a9d7-d9786f36271e}</UniqueIdentifier>
    </Filter>
    <Filter Include="Header Files\XBLA">
      <UniqueIdentifier>{af491241-25de-47fc-8c88-a668d0d2685a}</UniqueIdentifier>
    </Filter>
    <Filter Include="Header Files\Archived">
      <UniqueIdentifier>{af8ad760-845d-4918-81e4-eab3e0e9980b}</UniqueIdentifier>
    </Filter>
    <Filter Include="Unfinished">
      <UniqueIdentifier>{ac0781a2-d586-48cc-bd41-efa6b9fdc26c}</UniqueIdentifier>
    </Filter>
  </ItemGroup>
  <ItemGroup>
    <ClCompile Include="main.cpp">
      <Filter>Source Files</Filter>
    </ClCompile>
    <ClCompile Include="util.cpp">
      <Filter>Header Files\Hooks</Filter>
    </ClCompile>
  </ItemGroup>
  <ItemGroup>
    <None Include="main.def">
      <Filter>Source Files</Filter>
    </None>
    <None Include="xarialuni.ttf">
      <Filter>Scene Files</Filter>
    </None>
  </ItemGroup>
  <ItemGroup>
    <ClInclude Include="kernel.h">
      <Filter>Header Files</Filter>
    </ClInclude>
    <ClInclude Include="types.h">
      <Filter>Header Files</Filter>
    </ClInclude>
    <ClInclude Include="buttons.h">
      <Filter>Header Files</Filter>
    </ClInclude>
    <ClInclude Include="common.h">
      <Filter>Header Files</Filter>
    </ClInclude>
    <ClInclude Include="HudD3D.h">
      <Filter>Header Files\Hooks</Filter>
    </ClInclude>
    <ClInclude Include="util.h">
      <Filter>Header Files\Hooks</Filter>
    </ClInclude>
    <ClInclude Include="d3d_z.h">
      <Filter>Header Files\D3D_Test</Filter>
    </ClInclude>
    <ClInclude Include="Set functions.h">
      <Filter>Header Files\Hooks</Filter>
    </ClInclude>
    <ClInclude Include="night into dreams.h">
      <Filter>Header Files\Games</Filter>
    </ClInclude>
    <ClInclude Include="MoH.h">
      <Filter>Header Files\Games</Filter>
    </ClInclude>
    <ClInclude Include="Quantum of Solace.h">
      <Filter>Header Files\Games</Filter>
    </ClInclude>
    <ClInclude Include="Wolfenstein The New Order.h">
      <Filter>Header Files\Games</Filter>
    </ClInclude>
    <ClInclude Include="Killer Instinct.h">
      <Filter>Header Files\Snes Games</Filter>
    </ClInclude>
    <ClInclude Include="L4D.h">
      <Filter>Header Files\Games</Filter>
    </ClInclude>
    <ClInclude Include="Watch Dogs.h">
      <Filter>Header Files\Games</Filter>
    </ClInclude>
    <ClInclude Include="Transformer RofDS.h">
      <Filter>Header Files\Games</Filter>
    </ClInclude>
    <ClInclude Include="Trials fusion.h">
      <Filter>Header Files\Games</Filter>
    </ClInclude>
    <ClInclude Include="Resident Evil orc.h">
      <Filter>Header Files\Games</Filter>
    </ClInclude>
    <ClInclude Include="Resident Evil 4.h">
      <Filter>Header Files\Games</Filter>
    </ClInclude>
    <ClInclude Include="NaughtyB PIP.h">
      <Filter>Header Files\Games</Filter>
    </ClInclude>
    <ClInclude Include="Risen 3.h">
      <Filter>Header Files\Games</Filter>
    </ClInclude>
    <ClInclude Include="Protect Function.h">
      <Filter>Header Files\Hooks</Filter>
    </ClInclude>
    <ClInclude Include="Zoo Tycoon.h">
      <Filter>Unfinished</Filter>
    </ClInclude>
    <ClInclude Include="the witcher.h">
      <Filter>Unfinished</Filter>
    </ClInclude>
    <ClInclude Include="Syndicate.h">
      <Filter>Unfinished</Filter>
    </ClInclude>
    <ClInclude Include="Termiator.h">
      <Filter>Unfinished</Filter>
    </ClInclude>
    <ClInclude Include="Age of Booty.h">
      <Filter>Unfinished</Filter>
    </ClInclude>
    <ClInclude Include="Alpha Pro.h">
      <Filter>Unfinished</Filter>
    </ClInclude>
    <ClInclude Include="Payday.h">
      <Filter>Unfinished</Filter>
    </ClInclude>
    <ClInclude Include="Quantum Theory.h">
      <Filter>Unfinished</Filter>
    </ClInclude>
    <ClInclude Include="TheGodfather 2.h">
      <Filter>Header Files\Games</Filter>
    </ClInclude>
    <ClInclude Include="LCGOL.h">
      <Filter>Header Files\Games</Filter>
    </ClInclude>
    <ClInclude Include="Fable III.h">
      <Filter>Header Files\Games</Filter>
    </ClInclude>
    <ClInclude Include="A Kingdom for keflings.h">
      <Filter>Header Files\Games</Filter>
    </ClInclude>
    <ClInclude Include="A World of keflings.h">
      <Filter>Header Files\Games</Filter>
    </ClInclude>
    <ClInclude Include="Aces of the galaxy.h">
      <Filter>Header Files\Games</Filter>
    </ClInclude>
    <ClInclude Include="Adventure Time Explore the dungeon BIDK.h">
      <Filter>Header Files\Games</Filter>
    </ClInclude>
    <ClInclude Include="Afro samurai.h">
      <Filter>Header Files\Games</Filter>
    </ClInclude>
    <ClInclude Include="AfterBurner Climax.h">
      <Filter>Header Files\Games</Filter>
    </ClInclude>
    <ClInclude Include="Air Conflicts vietnam.h">
      <Filter>Header Files\Games</Filter>
    </ClInclude>
    <ClInclude Include="Alan Wake American Nightmare.h">
      <Filter>Header Files\Games</Filter>
    </ClInclude>
    <ClInclude Include="Alien Breed assault.h">
      <Filter>Header Files\Games</Filter>
    </ClInclude>
    <ClInclude Include="Alien Breed Descent.h">
      <Filter>Header Files\Games</Filter>
    </ClInclude>
    <ClInclude Include="Alien Breed Evo.h">
      <Filter>Header Files\Games</Filter>
    </ClInclude>
    <ClInclude Include="Alien ColineLatest.h">
      <Filter>Header Files\Games</Filter>
    </ClInclude>
    <ClInclude Include="Alien Rage.h">
      <Filter>Header Files\Games</Filter>
    </ClInclude>
    <ClInclude Include="All Zombies Must Die.h">
      <Filter>Header Files\Games</Filter>
    </ClInclude>
    <ClInclude Include="Alone in the Dark.h">
      <Filter>Header Files\Games</Filter>
    </ClInclude>
    <ClInclude Include="Ancients of ooga.h">
      <Filter>Header Files\Games</Filter>
    </ClInclude>
    <ClInclude Include="Arkadian.h">
      <Filter>Header Files\Games</Filter>
    </ClInclude>
    <ClInclude Include="Assault Heroes 2.h">
      <Filter>Header Files\Games</Filter>
    </ClInclude>
    <ClInclude Include="Assault Heroes.h">
      <Filter>Header Files\Games</Filter>
    </ClInclude>
    <ClInclude Include="bat ark.h">
      <Filter>Header Files\Games</Filter>
    </ClInclude>
    <ClInclude Include="BattleField Hard.h">
      <Filter>Header Files\Games</Filter>
    </ClInclude>
    <ClInclude Include="bejeweled 3.h">
      <Filter>Header Files\Games</Filter>
    </ClInclude>
    <ClInclude Include="Blood Money.h">
      <Filter>Header Files\Games</Filter>
    </ClInclude>
    <ClInclude Include="Bound.h">
      <Filter>Header Files\Games</Filter>
    </ClInclude>
    <ClInclude Include="CastleStorm.h">
      <Filter>Header Files\Games</Filter>
    </ClInclude>
    <ClInclude Include="ChopLifter HD.h">
      <Filter>Header Files\Games</Filter>
    </ClInclude>
    <ClInclude Include="Cod Black OPs2 TU16.h">
      <Filter>Header Files\Games</Filter>
    </ClInclude>
    <ClInclude Include="Cod Black OPs2 TU17.h">
      <Filter>Header Files\Games</Filter>
    </ClInclude>
    <ClInclude Include="Cod Black OPs2 TU18.h">
      <Filter>Header Files\Games</Filter>
    </ClInclude>
    <ClInclude Include="Cod Blops.h">
      <Filter>Header Files\Games</Filter>
    </ClInclude>
    <ClInclude Include="Cod classic.h">
      <Filter>Header Files\Games</Filter>
    </ClInclude>
    <ClInclude Include="Cod WAW.h">
      <Filter>Header Files\Games</Filter>
    </ClInclude>
    <ClInclude Include="Conflict Denied Ops.h">
      <Filter>Header Files\Games</Filter>
    </ClInclude>
    <ClInclude Include="Crysis.h">
      <Filter>Header Files\Games</Filter>
    </ClInclude>
    <ClInclude Include="Cursed crusade.h">
      <Filter>Header Files\Games</Filter>
    </ClInclude>
    <ClInclude Include="Dead Island RipTide.h">
      <Filter>Header Files\Games</Filter>
    </ClInclude>
    <ClInclude Include="Dead Island.h">
      <Filter>Header Files\Games</Filter>
    </ClInclude>
    <ClInclude Include="Dead Rising 2 Case W.h">
      <Filter>Header Files\Games</Filter>
    </ClInclude>
    <ClInclude Include="Dead Rising 2 Case Z.h">
      <Filter>Header Files\Games</Filter>
    </ClInclude>
    <ClInclude Include="Dead Rising 2 OTR.h">
      <Filter>Header Files\Games</Filter>
    </ClInclude>
    <ClInclude Include="Dead Rising 2.h">
      <Filter>Header Files\Games</Filter>
    </ClInclude>
    <ClInclude Include="Dead Rising.h">
      <Filter>Header Files\Games</Filter>
    </ClInclude>
    <ClInclude Include="Dead Space 3.h">
      <Filter>Header Files\Games</Filter>
    </ClInclude>
    <ClInclude Include="Diablo3.h">
      <Filter>Header Files\Games</Filter>
    </ClInclude>
    <ClInclude Include="DmC4.h">
      <Filter>Header Files\Games</Filter>
    </ClInclude>
    <ClInclude Include="DmCHD.h">
      <Filter>Header Files\Games</Filter>
    </ClInclude>
    <ClInclude Include="DmCR.h">
      <Filter>Header Files\Games</Filter>
    </ClInclude>
    <ClInclude Include="Don K Prizefighter.h">
      <Filter>Header Files\Games</Filter>
    </ClInclude>
    <ClInclude Include="Double Clutch.h">
      <Filter>Header Files\Games</Filter>
    </ClInclude>
    <ClInclude Include="DukeNukem.h">
      <Filter>Header Files\Games</Filter>
    </ClInclude>
    <ClInclude Include="DW 5 empires.h">
      <Filter>Header Files\Games</Filter>
    </ClInclude>
    <ClInclude Include="DW Gundam.h">
      <Filter>Header Files\Games</Filter>
    </ClInclude>
    <ClInclude Include="DW Gundam2.h">
      <Filter>Header Files\Games</Filter>
    </ClInclude>
    <ClInclude Include="DW Gundam3.h">
      <Filter>Header Files\Games</Filter>
    </ClInclude>
    <ClInclude Include="DW Strikeforce.h">
      <Filter>Header Files\Games</Filter>
    </ClInclude>
    <ClInclude Include="Enemy Front.h">
      <Filter>Header Files\Games</Filter>
    </ClInclude>
    <ClInclude Include="Eternal Sonata.h">
      <Filter>Header Files\Games</Filter>
    </ClInclude>
    <ClInclude Include="Fable 2.h">
      <Filter>Header Files\Games</Filter>
    </ClInclude>
    <ClInclude Include="Fallout 3.h">
      <Filter>Header Files\Games</Filter>
    </ClInclude>
    <ClInclude Include="Fallout NewVegastu5.h">
      <Filter>Header Files\Games</Filter>
    </ClInclude>
    <ClInclude Include="Fallout NV tu5 updated.h">
      <Filter>Header Files\Games</Filter>
    </ClInclude>
    <ClInclude Include="Fantast 4 RotSS.h">
      <Filter>Header Files\Games</Filter>
    </ClInclude>
    <ClInclude Include="FarCryC.h">
      <Filter>Header Files\Games</Filter>
    </ClInclude>
    <ClInclude Include="Flashback.h">
      <Filter>Header Files\Games</Filter>
    </ClInclude>
    <ClInclude Include="GameSet.h">
      <Filter>Header Files\Games</Filter>
    </ClInclude>
    <ClInclude Include="Gears of war 1.h">
      <Filter>Header Files\Games</Filter>
    </ClInclude>
    <ClInclude Include="Gears of war 2 JPN.h">
      <Filter>Header Files\Games</Filter>
    </ClInclude>
    <ClInclude Include="Gears of war 2.h">
      <Filter>Header Files\Games</Filter>
    </ClInclude>
    <ClInclude Include="Gears of war 3.h">
      <Filter>Header Files\Games</Filter>
    </ClInclude>
    <ClInclude Include="Gears of war Judgement.h">
      <Filter>Header Files\Games</Filter>
    </ClInclude>
    <ClInclude Include="GTA V.h">
      <Filter>Header Files\Games</Filter>
    </ClInclude>
    <ClInclude Include="Hitman 2.h">
      <Filter>Header Files\Games</Filter>
    </ClInclude>
    <ClInclude Include="Hitman Absolution SC.h">
      <Filter>Header Files\Games</Filter>
    </ClInclude>
    <ClInclude Include="Hitman Absolution.h">
      <Filter>Header Files\Games</Filter>
    </ClInclude>
    <ClInclude Include="Hitman Tri Offsets.h">
      <Filter>Header Files\Games</Filter>
    </ClInclude>
    <ClInclude Include="Hitman Tri Offsets1.h">
      <Filter>Header Files\Games</Filter>
    </ClInclude>
    <ClInclude Include="How To Survive.h">
      <Filter>Header Files\Games</Filter>
    </ClInclude>
    <ClInclude Include="Jurassic The Hunted.h">
      <Filter>Header Files\Games</Filter>
    </ClInclude>
    <ClInclude Include="Lightning Returns.h">
      <Filter>Header Files\Games</Filter>
    </ClInclude>
    <ClInclude Include="Lollipop chainsaw.h">
      <Filter>Header Files\Games</Filter>
    </ClInclude>
    <ClInclude Include="Metal Gear Ground Zeroes.h">
      <Filter>Header Files\Games</Filter>
    </ClInclude>
    <ClInclude Include="Metal Gear Peace.h">
      <Filter>Header Files\Games</Filter>
    </ClInclude>
    <ClInclude Include="NewGui.h">
      <Filter>Header Files\Games</Filter>
    </ClInclude>
    <ClInclude Include="nfs Rivals.h">
      <Filter>Header Files\Games</Filter>
    </ClInclude>
    <ClInclude Include="Payday 2.h">
      <Filter>Header Files\Games</Filter>
    </ClInclude>
    <ClInclude Include="Perfect Dark.h">
      <Filter>Header Files\Games</Filter>
    </ClInclude>
    <ClInclude Include="protect.h">
      <Filter>Header Files\Games</Filter>
    </ClInclude>
    <ClInclude Include="Red Alert 3 Commander%27s Challenge.h">
      <Filter>Header Files\Games</Filter>
    </ClInclude>
    <ClInclude Include="Renegade ops.h">
      <Filter>Header Files\Games</Filter>
    </ClInclude>
    <ClInclude Include="Resident Evil 5.h">
      <Filter>Header Files\Games</Filter>
    </ClInclude>
    <ClInclude Include="returns13.h">
      <Filter>Header Files\Games</Filter>
    </ClInclude>
    <ClInclude Include="Silent Hill HD.h">
      <Filter>Header Files\Games</Filter>
    </ClInclude>
    <ClInclude Include="silent hill home.h">
      <Filter>Header Files\Games</Filter>
    </ClInclude>
    <ClInclude Include="Sniper Elite V3 Ult.h">
      <Filter>Header Files\Games</Filter>
    </ClInclude>
    <ClInclude Include="Sniper Elite V3.h">
      <Filter>Header Files\Games</Filter>
    </ClInclude>
    <ClInclude Include="Spelunky.h">
      <Filter>Header Files\Games</Filter>
    </ClInclude>
    <ClInclude Include="StateofDecay.h">
      <Filter>Header Files\Games</Filter>
    </ClInclude>
    <ClInclude Include="Streets of rage.h">
      <Filter>Header Files\Games</Filter>
    </ClInclude>
    <ClInclude Include="Strider.h">
      <Filter>Header Files\Games</Filter>
    </ClInclude>
    <ClInclude Include="SuperStreet Fighter 4 1.h">
      <Filter>Header Files\Games</Filter>
    </ClInclude>
    <ClInclude Include="SuperStreet Fighter 4.h">
      <Filter>Header Files\Games</Filter>
    </ClInclude>
    <ClInclude Include="Syndicate_backup.h">
      <Filter>Header Files\Games</Filter>
    </ClInclude>
    <ClInclude Include="Tenchu z.h">
      <Filter>Header Files\Games</Filter>
    </ClInclude>
    <ClInclude Include="The Cursed Crusade.h">
      <Filter>Header Files\Games</Filter>
    </ClInclude>
    <ClInclude Include="the sims 3.h">
      <Filter>Header Files\Games</Filter>
    </ClInclude>
    <ClInclude Include="The witcher 1.2.h">
      <Filter>Header Files\Games</Filter>
    </ClInclude>
    <ClInclude Include="TheGodfather.h">
      <Filter>Header Files\Games</Filter>
    </ClInclude>
    <ClInclude Include="Thief.h">
      <Filter>Header Files\Games</Filter>
    </ClInclude>
    <ClInclude Include="Transformers DarkSide.h">
      <Filter>Header Files\Games</Filter>
    </ClInclude>
    <ClInclude Include="Transformers FoC.h">
      <Filter>Header Files\Games</Filter>
    </ClInclude>
    <ClInclude Include="Transformers FoC1.h">
      <Filter>Header Files\Games</Filter>
    </ClInclude>
    <ClInclude Include="Transformers FoCaved.h">
      <Filter>Header Files\Games</Filter>
    </ClInclude>
    <ClInclude Include="Transformers WFC Caving TUT.h">
      <Filter>Header Files\Games</Filter>
    </ClInclude>
    <ClInclude Include="Transformers WFC.h">
      <Filter>Header Files\Games</Filter>
    </ClInclude>
    <ClInclude Include="Tropico.h">
      <Filter>Header Files\Games</Filter>
    </ClInclude>
    <ClInclude Include="Ultimate Mortal Kombat 3.h">
      <Filter>Header Files\Games</Filter>
    </ClInclude>
    <ClInclude Include="Vampire rain.h">
      <Filter>Header Files\Games</Filter>
    </ClInclude>
    <ClInclude Include="Warhammer 40K KT.h">
      <Filter>Header Files\Games</Filter>
    </ClInclude>
    <ClInclude Include="witcher 2.h">
      <Filter>Header Files\Games</Filter>
    </ClInclude>
    <ClInclude Include="Wolfenstein.h">
      <Filter>Header Files\Games</Filter>
    </ClInclude>
    <ClInclude Include="Wolverine Origins.h">
      <Filter>Header Files\Games</Filter>
    </ClInclude>
    <ClInclude Include="XPG Rapid Fire .h">
      <Filter>Header Files\Games</Filter>
    </ClInclude>
  </ItemGroup>
</Project>